{
  "name": "@dodyset994/dody-dod",
  "version": "1.0.0",
  "lockfileVersion": 3,
  "requires": true,
  "packages": {
    "": {
      "name": "@dodyset994/dody-dod",
      "version": "1.0.0",
      "license": "ISC",
      "dependencies": {
        "dody-dod": "^1.0.0"
      },
      "devDependencies": {}
    },
    "node_modules/dody-dod": {
      "version": "1.0.0",
      "resolved": "https://registry.npmjs.org/dody-dod/-/dody-dod-1.0.0.tgz",
      "integrity": "sha512-vUGA/LGOQpoUlT2j2zNZXZnOynz+/mHE4ZmCR7wqwgJcKSu8T5tPZ9NE7Nwm4DJ+K4ivC3xh3fWEe4gSqkM7uQ=="
    }
  }
}
